github.com/golang/snappy v1.0.0 h1:Oy607GVXHs7RtbggtPBnr2RmDArIsAefDwvrdWvRhGs=
github.com/golang/snappy v1.0.0/go.mod h1:/XxbfmMg8lxefKM7IXC3fBNl/7bRcc72aCRzEWrmP2Q=
github.com/jwilder/encoding v0.0.0-20170811194829-b4e1701a28ef h1:2jNeR4YUziVtswNP9sEFAI913cVrzH85T+8Q6LpYbT0=
github.com/jwilder/encoding v0.0.0-20170811194829-b4e1701a28ef/go.mod h1:Ct9fl0F6iIOGgxJ5npU/IUOhOhqlVrGjyIZc8/MagT0=
github.com/klauspost/compress v1.18.5 h1:/h1gH5Ce+VWNLSWqPzOVn6XBO+vJbCNGvjoaGBFW2IE=
github.com/klauspost/compress v1.18.5/go.mod h1:cwPg85FWrGar70rWktvGQj8/hthj3wpl0PGDogxkrSQ=
github.com/klauspost/compress v1.19.2 h1:hMRETovs/pu/dVWN7zIT1PGG8t509MwT6bO7XSi26R8=
github.com/klauspost/compress v1.19.2/go.mod h1:cwPg85FWrGar70rWktvGQj8/hthj3wpl0PGDogxkrSQ=
github.com/mababaNiubi/variant v1.2.1 h1:PiELfCLs8noPnoJG4vJ5rO0DbF0cTuLf7WwGGZUGTmk=
github.com/mababaNiubi/variant v1.2.1/go.mod h1:OM7Hm6Zwq81IRO8n0O/EdjDUF3r36+7YEQRTVbe8xZE=
github.com/mababaNiubi/variant v1.2.3 h1:rmmJbY46wjV71NVQ55OET+p+1tYTVFHXM90S5CFHv5g=
github.com/mababaNiubi/variant v1.2.3/go.mod h1:OM7Hm6Zwq81IRO8n0O/EdjDUF3r36+7YEQRTVbe8xZE=
github.com/pierrec/lz4/v4 v4.1.26 h1:GrpZw1gZttORinvzBdXPUXATeqlJjqUG/D87TKMnhjY=
github.com/pierrec/lz4/v4 v4.1.26/go.mod h1:EoQMVJgeeEOMsCqCzqFm2O0cJvljX2nGZjcRIPL34O4=
github.com/pierrec/lz4/v4 v4.1.28 h1:pPEPwRJ4kybBTfGt28q7lQsRJQHhC08axprdLD5Ppio=
github.com/pierrec/lz4/v4 v4.1.28/go.mod h1:EoQMVJgeeEOMsCqCzqFm2O0cJvljX2nGZjcRIPL34O4=
